
Microsoft Visual Studio Solution File, Format Version 12.00
# Visual Studio 14
VisualStudioVersion = 14.0.24720.0
MinimumVisualStudioVersion = 10.0.40219.1
Project("{FAE04EC0-301F-11D3-BF4B-00C04F79EFBC}") = "EasyAnalysis", "EasyAnalysis\EasyAnalysis.csproj", "{206942C1-B7EB-4D7E-AC40-0BB3FBC58C8B}"
EndProject
Project("{FAE04EC0-301F-11D3-BF4B-00C04F79EFBC}") = "EasyAnalysis.Api", "EasyAnalysis.Api\EasyAnalysis.Api.csproj", "{94B5FAA1-70DF-4374-BC8E-843FE545DF85}"
EndProject
Project("{FAE04EC0-301F-11D3-BF4B-00C04F79EFBC}") = "EasyAnalysis.Backend", "EasyAnalysis.Backend\EasyAnalysis.Backend.csproj", "{38F70724-45B4-46F3-8AE4-AFC67A3B4915}"
EndProject
Project("{FAE04EC0-301F-11D3-BF4B-00C04F79EFBC}") = "EasyAnalysis.Framework", "EasyAnalysis.Framework\EasyAnalysis.Framework.csproj", "{F0FCA46C-CED4-4FBB-B8C2-7E82C9EF5810}"
EndProject
Project("{FAE04EC0-301F-11D3-BF4B-00C04F79EFBC}") = "EasyAnalysis.Infrastructure.Cache", "EasyAnalysis.Infrastructure._Cache_\EasyAnalysis.Infrastructure.Cache.csproj", "{B57EF93A-9BE9-4EC1-8912-58496B8CE7BB}"
EndProject
Project("{FAE04EC0-301F-11D3-BF4B-00C04F79EFBC}") = "EasyAnalysis.Infrastructure.Cache.UnitTests", "EasyAnalysis.Infrastructure._Cache_.UnitTests\EasyAnalysis.Infrastructure.Cache.UnitTests.csproj", "{2347877E-F596-4AAF-8BA2-9630A39142E6}"
EndProject
Project("{FAE04EC0-301F-11D3-BF4B-00C04F79EFBC}") = "EasyAnalysis.Models", "EasyAnalysis.Models\EasyAnalysis.Models.csproj", "{2E1B9307-25E2-4DF0-A209-7FCDD78B4046}"
EndProject
Project("{FAE04EC0-301F-11D3-BF4B-00C04F79EFBC}") = "EasyAnalysis.Repository", "EasyAnalysis.Repository\EasyAnalysis.Repository.csproj", "{CB49D11B-8684-4158-967E-3A89FCC1B089}"
EndProject
Project("{2150E333-8FDC-42A3-9474-1A3956D46DE8}") = "Tests", "Tests", "{21C57808-9DDB-40C1-BAE9-5B5E552EED53}"
EndProject
Project("{FAE04EC0-301F-11D3-BF4B-00C04F79EFBC}") = "EasyAnalysis.Infrastructure.Discovery", "EasyAnalysis.Infrastructure.Discovery\EasyAnalysis.Infrastructure.Discovery.csproj", "{4DF80993-DB0A-4FAD-A2A6-E1E08802C604}"
EndProject
Project("{FAE04EC0-301F-11D3-BF4B-00C04F79EFBC}") = "EasyAnalysis.Infrastructure.Discovery.UnitTests", "EasyAnalysis.Infrastructure.Discovery.UnitTests\EasyAnalysis.Infrastructure.Discovery.UnitTests.csproj", "{2122A407-7B02-4097-A19B-B81E61DF81C2}"
EndProject
Project("{FAE04EC0-301F-11D3-BF4B-00C04F79EFBC}") = "EasyAnalysis.Modules", "EasyAnalysis.Modules\EasyAnalysis.Modules.csproj", "{1DFF20A6-4F2E-4FE5-8B84-5201541B484D}"
EndProject
Project("{FAE04EC0-301F-11D3-BF4B-00C04F79EFBC}") = "EasyAnalysis.Actions", "EasyAnalysis.Actions\EasyAnalysis.Actions.csproj", "{007889CD-7DF8-4EE3-AF35-4CF5BEAC4877}"
EndProject
Project("{2150E333-8FDC-42A3-9474-1A3956D46DE8}") = "Business Objects", "Business Objects", "{BA3AEF56-8E68-4001-A255-7A3447E589E6}"
EndProject
Project("{2150E333-8FDC-42A3-9474-1A3956D46DE8}") = "Infrastructure", "Infrastructure", "{E6FE1F34-6BAD-42E9-8E7A-73C1A15A41C7}"
EndProject
Project("{FAE04EC0-301F-11D3-BF4B-00C04F79EFBC}") = "EasyAnalysis.Infrastructure.IO", "EasyAnalysis.Infrastructure.IO\EasyAnalysis.Infrastructure.IO.csproj", "{D558D626-ADD3-4B96-9FEC-6A6D2BEADE7E}"
EndProject
Project("{2150E333-8FDC-42A3-9474-1A3956D46DE8}") = "Web", "Web", "{C2E13121-2C07-4C6D-9C47-3B60EAD14592}"
EndProject
Project("{2150E333-8FDC-42A3-9474-1A3956D46DE8}") = "Management", "Management", "{36CF49AB-06E8-48ED-B046-84CDF7F46A0E}"
EndProject
Project("{FAE04EC0-301F-11D3-BF4B-00C04F79EFBC}") = "EasyAnalysis.Console", "EasyAnalysis.Console\EasyAnalysis.Console.csproj", "{E463EE55-1621-4A93-98DB-B96062835943}"
EndProject
Project("{FAE04EC0-301F-11D3-BF4B-00C04F79EFBC}") = "EasyAnalysis.Algorithm", "EasyAnalysis.Algorithm\EasyAnalysis.Algorithm.csproj", "{A8DEA54C-217F-4EE3-B81B-AB356F02CB11}"
EndProject
Project("{FAE04EC0-301F-11D3-BF4B-00C04F79EFBC}") = "EasyAnalysis.MessageHub", "EasyAnalysis.MessageHub\EasyAnalysis.MessageHub.csproj", "{1A667FFE-DD20-4567-8218-1BE60F67932E}"
EndProject
Project("{FAE04EC0-301F-11D3-BF4B-00C04F79EFBC}") = "EasyAnalysis.Actions.UnitTests", "EasyAnalysis.Actions.UnitTests\EasyAnalysis.Actions.UnitTests.csproj", "{5C39E2A1-2C02-42C5-9ED3-1C6A2D410643}"
EndProject
Project("{FAE04EC0-301F-11D3-BF4B-00C04F79EFBC}") = "EasyAnalysis.ScheduledTask", "EasyAnalysis.ScheduledTask\EasyAnalysis.ScheduledTask.csproj", "{07DB8BF5-7DCA-4F95-BB10-ABBA38A3627F}"
EndProject
Global
	GlobalSection(SolutionConfigurationPlatforms) = preSolution
		Debug|Any CPU = Debug|Any CPU
		Release|Any CPU = Release|Any CPU
	EndGlobalSection
	GlobalSection(ProjectConfigurationPlatforms) = postSolution
		{206942C1-B7EB-4D7E-AC40-0BB3FBC58C8B}.Debug|Any CPU.ActiveCfg = Debug|Any CPU
		{206942C1-B7EB-4D7E-AC40-0BB3FBC58C8B}.Debug|Any CPU.Build.0 = Debug|Any CPU
		{206942C1-B7EB-4D7E-AC40-0BB3FBC58C8B}.Release|Any CPU.ActiveCfg = Release|Any CPU
		{206942C1-B7EB-4D7E-AC40-0BB3FBC58C8B}.Release|Any CPU.Build.0 = Release|Any CPU
		{94B5FAA1-70DF-4374-BC8E-843FE545DF85}.Debug|Any CPU.ActiveCfg = Debug|Any CPU
		{94B5FAA1-70DF-4374-BC8E-843FE545DF85}.Debug|Any CPU.Build.0 = Debug|Any CPU
		{94B5FAA1-70DF-4374-BC8E-843FE545DF85}.Release|Any CPU.ActiveCfg = Release|Any CPU
		{94B5FAA1-70DF-4374-BC8E-843FE545DF85}.Release|Any CPU.Build.0 = Release|Any CPU
		{38F70724-45B4-46F3-8AE4-AFC67A3B4915}.Debug|Any CPU.ActiveCfg = Debug|Any CPU
		{38F70724-45B4-46F3-8AE4-AFC67A3B4915}.Debug|Any CPU.Build.0 = Debug|Any CPU
		{38F70724-45B4-46F3-8AE4-AFC67A3B4915}.Release|Any CPU.ActiveCfg = Release|Any CPU
		{38F70724-45B4-46F3-8AE4-AFC67A3B4915}.Release|Any CPU.Build.0 = Release|Any CPU
		{F0FCA46C-CED4-4FBB-B8C2-7E82C9EF5810}.Debug|Any CPU.ActiveCfg = Debug|Any CPU
		{F0FCA46C-CED4-4FBB-B8C2-7E82C9EF5810}.Debug|Any CPU.Build.0 = Debug|Any CPU
		{F0FCA46C-CED4-4FBB-B8C2-7E82C9EF5810}.Release|Any CPU.ActiveCfg = Release|Any CPU
		{F0FCA46C-CED4-4FBB-B8C2-7E82C9EF5810}.Release|Any CPU.Build.0 = Release|Any CPU
		{B57EF93A-9BE9-4EC1-8912-58496B8CE7BB}.Debug|Any CPU.ActiveCfg = Debug|Any CPU
		{B57EF93A-9BE9-4EC1-8912-58496B8CE7BB}.Debug|Any CPU.Build.0 = Debug|Any CPU
		{B57EF93A-9BE9-4EC1-8912-58496B8CE7BB}.Release|Any CPU.ActiveCfg = Release|Any CPU
		{B57EF93A-9BE9-4EC1-8912-58496B8CE7BB}.Release|Any CPU.Build.0 = Release|Any CPU
		{2347877E-F596-4AAF-8BA2-9630A39142E6}.Debug|Any CPU.ActiveCfg = Debug|Any CPU
		{2347877E-F596-4AAF-8BA2-9630A39142E6}.Debug|Any CPU.Build.0 = Debug|Any CPU
		{2347877E-F596-4AAF-8BA2-9630A39142E6}.Release|Any CPU.ActiveCfg = Release|Any CPU
		{2347877E-F596-4AAF-8BA2-9630A39142E6}.Release|Any CPU.Build.0 = Release|Any CPU
		{2E1B9307-25E2-4DF0-A209-7FCDD78B4046}.Debug|Any CPU.ActiveCfg = Debug|Any CPU
		{2E1B9307-25E2-4DF0-A209-7FCDD78B4046}.Debug|Any CPU.Build.0 = Debug|Any CPU
		{2E1B9307-25E2-4DF0-A209-7FCDD78B4046}.Release|Any CPU.ActiveCfg = Release|Any CPU
		{2E1B9307-25E2-4DF0-A209-7FCDD78B4046}.Release|Any CPU.Build.0 = Release|Any CPU
		{CB49D11B-8684-4158-967E-3A89FCC1B089}.Debug|Any CPU.ActiveCfg = Debug|Any CPU
		{CB49D11B-8684-4158-967E-3A89FCC1B089}.Debug|Any CPU.Build.0 = Debug|Any CPU
		{CB49D11B-8684-4158-967E-3A89FCC1B089}.Release|Any CPU.ActiveCfg = Release|Any CPU
		{CB49D11B-8684-4158-967E-3A89FCC1B089}.Release|Any CPU.Build.0 = Release|Any CPU
		{4DF80993-DB0A-4FAD-A2A6-E1E08802C604}.Debug|Any CPU.ActiveCfg = Debug|Any CPU
		{4DF80993-DB0A-4FAD-A2A6-E1E08802C604}.Debug|Any CPU.Build.0 = Debug|Any CPU
		{4DF80993-DB0A-4FAD-A2A6-E1E08802C604}.Release|Any CPU.ActiveCfg = Release|Any CPU
		{4DF80993-DB0A-4FAD-A2A6-E1E08802C604}.Release|Any CPU.Build.0 = Release|Any CPU
		{2122A407-7B02-4097-A19B-B81E61DF81C2}.Debug|Any CPU.ActiveCfg = Debug|Any CPU
		{2122A407-7B02-4097-A19B-B81E61DF81C2}.Debug|Any CPU.Build.0 = Debug|Any CPU
		{2122A407-7B02-4097-A19B-B81E61DF81C2}.Release|Any CPU.ActiveCfg = Release|Any CPU
		{2122A407-7B02-4097-A19B-B81E61DF81C2}.Release|Any CPU.Build.0 = Release|Any CPU
		{1DFF20A6-4F2E-4FE5-8B84-5201541B484D}.Debug|Any CPU.ActiveCfg = Debug|Any CPU
		{1DFF20A6-4F2E-4FE5-8B84-5201541B484D}.Debug|Any CPU.Build.0 = Debug|Any CPU
		{1DFF20A6-4F2E-4FE5-8B84-5201541B484D}.Release|Any CPU.ActiveCfg = Release|Any CPU
		{1DFF20A6-4F2E-4FE5-8B84-5201541B484D}.Release|Any CPU.Build.0 = Release|Any CPU
		{007889CD-7DF8-4EE3-AF35-4CF5BEAC4877}.Debug|Any CPU.ActiveCfg = Debug|Any CPU
		{007889CD-7DF8-4EE3-AF35-4CF5BEAC4877}.Debug|Any CPU.Build.0 = Debug|Any CPU
		{007889CD-7DF8-4EE3-AF35-4CF5BEAC4877}.Release|Any CPU.ActiveCfg = Release|Any CPU
		{007889CD-7DF8-4EE3-AF35-4CF5BEAC4877}.Release|Any CPU.Build.0 = Release|Any CPU
		{D558D626-ADD3-4B96-9FEC-6A6D2BEADE7E}.Debug|Any CPU.ActiveCfg = Debug|Any CPU
		{D558D626-ADD3-4B96-9FEC-6A6D2BEADE7E}.Debug|Any CPU.Build.0 = Debug|Any CPU
		{D558D626-ADD3-4B96-9FEC-6A6D2BEADE7E}.Release|Any CPU.ActiveCfg = Release|Any CPU
		{D558D626-ADD3-4B96-9FEC-6A6D2BEADE7E}.Release|Any CPU.Build.0 = Release|Any CPU
		{E463EE55-1621-4A93-98DB-B96062835943}.Debug|Any CPU.ActiveCfg = Debug|Any CPU
		{E463EE55-1621-4A93-98DB-B96062835943}.Debug|Any CPU.Build.0 = Debug|Any CPU
		{E463EE55-1621-4A93-98DB-B96062835943}.Release|Any CPU.ActiveCfg = Release|Any CPU
		{E463EE55-1621-4A93-98DB-B96062835943}.Release|Any CPU.Build.0 = Release|Any CPU
		{A8DEA54C-217F-4EE3-B81B-AB356F02CB11}.Debug|Any CPU.ActiveCfg = Debug|Any CPU
		{A8DEA54C-217F-4EE3-B81B-AB356F02CB11}.Debug|Any CPU.Build.0 = Debug|Any CPU
		{A8DEA54C-217F-4EE3-B81B-AB356F02CB11}.Release|Any CPU.ActiveCfg = Release|Any CPU
		{A8DEA54C-217F-4EE3-B81B-AB356F02CB11}.Release|Any CPU.Build.0 = Release|Any CPU
		{1A667FFE-DD20-4567-8218-1BE60F67932E}.Debug|Any CPU.ActiveCfg = Debug|Any CPU
		{1A667FFE-DD20-4567-8218-1BE60F67932E}.Debug|Any CPU.Build.0 = Debug|Any CPU
		{1A667FFE-DD20-4567-8218-1BE60F67932E}.Release|Any CPU.ActiveCfg = Release|Any CPU
		{1A667FFE-DD20-4567-8218-1BE60F67932E}.Release|Any CPU.Build.0 = Release|Any CPU
		{5C39E2A1-2C02-42C5-9ED3-1C6A2D410643}.Debug|Any CPU.ActiveCfg = Debug|Any CPU
		{5C39E2A1-2C02-42C5-9ED3-1C6A2D410643}.Debug|Any CPU.Build.0 = Debug|Any CPU
		{5C39E2A1-2C02-42C5-9ED3-1C6A2D410643}.Release|Any CPU.ActiveCfg = Release|Any CPU
		{5C39E2A1-2C02-42C5-9ED3-1C6A2D410643}.Release|Any CPU.Build.0 = Release|Any CPU
		{07DB8BF5-7DCA-4F95-BB10-ABBA38A3627F}.Debug|Any CPU.ActiveCfg = Debug|Any CPU
		{07DB8BF5-7DCA-4F95-BB10-ABBA38A3627F}.Debug|Any CPU.Build.0 = Debug|Any CPU
		{07DB8BF5-7DCA-4F95-BB10-ABBA38A3627F}.Release|Any CPU.ActiveCfg = Release|Any CPU
		{07DB8BF5-7DCA-4F95-BB10-ABBA38A3627F}.Release|Any CPU.Build.0 = Release|Any CPU
	EndGlobalSection
	GlobalSection(SolutionProperties) = preSolution
		HideSolutionNode = FALSE
	EndGlobalSection
	GlobalSection(NestedProjects) = preSolution
		{206942C1-B7EB-4D7E-AC40-0BB3FBC58C8B} = {C2E13121-2C07-4C6D-9C47-3B60EAD14592}
		{94B5FAA1-70DF-4374-BC8E-843FE545DF85} = {C2E13121-2C07-4C6D-9C47-3B60EAD14592}
		{B57EF93A-9BE9-4EC1-8912-58496B8CE7BB} = {E6FE1F34-6BAD-42E9-8E7A-73C1A15A41C7}
		{2347877E-F596-4AAF-8BA2-9630A39142E6} = {21C57808-9DDB-40C1-BAE9-5B5E552EED53}
		{4DF80993-DB0A-4FAD-A2A6-E1E08802C604} = {E6FE1F34-6BAD-42E9-8E7A-73C1A15A41C7}
		{2122A407-7B02-4097-A19B-B81E61DF81C2} = {21C57808-9DDB-40C1-BAE9-5B5E552EED53}
		{1DFF20A6-4F2E-4FE5-8B84-5201541B484D} = {BA3AEF56-8E68-4001-A255-7A3447E589E6}
		{007889CD-7DF8-4EE3-AF35-4CF5BEAC4877} = {BA3AEF56-8E68-4001-A255-7A3447E589E6}
		{D558D626-ADD3-4B96-9FEC-6A6D2BEADE7E} = {E6FE1F34-6BAD-42E9-8E7A-73C1A15A41C7}
		{E463EE55-1621-4A93-98DB-B96062835943} = {36CF49AB-06E8-48ED-B046-84CDF7F46A0E}
		{A8DEA54C-217F-4EE3-B81B-AB356F02CB11} = {E6FE1F34-6BAD-42E9-8E7A-73C1A15A41C7}
		{1A667FFE-DD20-4567-8218-1BE60F67932E} = {C2E13121-2C07-4C6D-9C47-3B60EAD14592}
		{5C39E2A1-2C02-42C5-9ED3-1C6A2D410643} = {21C57808-9DDB-40C1-BAE9-5B5E552EED53}
		{07DB8BF5-7DCA-4F95-BB10-ABBA38A3627F} = {36CF49AB-06E8-48ED-B046-84CDF7F46A0E}
	EndGlobalSection
EndGlobal
